<?xml version="1.0" encoding="utf-8"?>
<Project ToolsVersion="4.0" xmlns="http://schemas.microsoft.com/developer/msbuild/2003">
  <ItemGroup>
    <ClInclude Include="..\src\version.h">
      <Filter>res</Filter>
    </ClInclude>
    <ClInclude Include="..\quick.h">
      <Filter>test</Filter>
    </ClInclude>
    <ClInclude Include="..\stb_image.h">
      <Filter>test</Filter>
    </ClInclude>
    <ClInclude Include="..\picojpeg.h" />
    <ClInclude Include="..\jpeg_encode.h" />
  </ItemGroup>
  <ItemGroup>
    <Filter Include="res">
      <UniqueIdentifier>{c60b96ea-15fe-4796-86c9-3b9428dc82d8}</UniqueIdentifier>
    </Filter>
    <Filter Include="test">
      <UniqueIdentifier>{fc8eb896-e286-4eb3-a651-64342795bac8}</UniqueIdentifier>
    </Filter>
  </ItemGroup>
  <ItemGroup>
    <Image Include="..\src\sample.ico">
      <Filter>test</Filter>
    </Image>
    <Image Include="..\src\sample.png">
      <Filter>test</Filter>
    </Image>
  </ItemGroup>
  <ItemGroup>
    <ResourceCompile Include="..\src\jpg.rc">
      <Filter>res</Filter>
    </ResourceCompile>
    <ResourceCompile Include="..\src\version.rc">
      <Filter>res</Filter>
    </ResourceCompile>
  </ItemGroup>
  <ItemGroup>
    <ClCompile Include="..\src\main.c">
      <Filter>test</Filter>
    </ClCompile>
    <ClCompile Include="..\picojpeg.c" />
  </ItemGroup>
</Project>